
Microsoft Visual Studio Solution File, Format Version 12.00
# Visual Studio Version 16
VisualStudioVersion = 16.0.31205.134
MinimumVisualStudioVersion = 10.0.40219.1
Project("{FAE04EC0-301F-11D3-BF4B-00C04F79EFBC}") = "Airbnb-sample", "Airbnb-sample\Airbnb-sample.csproj", "{C2986552-A9DF-4FB5-9081-D60F4088E7B7}"
EndProject
Global
	GlobalSection(SolutionConfigurationPlatforms) = preSolution
		Debug|Any CPU = Debug|Any CPU
		Release|Any CPU = Release|Any CPU
	EndGlobalSection
	GlobalSection(ProjectConfigurationPlatforms) = postSolution
		{C2986552-A9DF-4FB5-9081-D60F4088E7B7}.Debug|Any CPU.ActiveCfg = Debug|Any CPU
		{C2986552-A9DF-4FB5-9081-D60F4088E7B7}.Debug|Any CPU.Build.0 = Debug|Any CPU
		{C2986552-A9DF-4FB5-9081-D60F4088E7B7}.Release|Any CPU.ActiveCfg = Release|Any CPU
		{C2986552-A9DF-4FB5-9081-D60F4088E7B7}.Release|Any CPU.Build.0 = Release|Any CPU
	EndGlobalSection
	GlobalSection(SolutionProperties) = preSolution
		HideSolutionNode = FALSE
	EndGlobalSection
	GlobalSection(ExtensibilityGlobals) = postSolution
		SolutionGuid = {A2482287-B527-45C6-9D5C-9A7C821C917E}
	EndGlobalSection
EndGlobal
